
Microsoft Visual Studio Solution File, Format Version 12.00
# Visual Studio 14
VisualStudioVersion = 14.0.25420.1
MinimumVisualStudioVersion = 10.0.40219.1
Project("{2150E333-8FDC-42A3-9474-1A3956D46DE8}") = "src", "src", "{23E7E508-9365-4F62-8E0C-CD3B099E096F}"
EndProject
Project("{2150E333-8FDC-42A3-9474-1A3956D46DE8}") = "Solution Items", "Solution Items", "{8CD98084-B860-492B-B4D3-77871EFA4F68}"
	ProjectSection(SolutionItems) = preProject
		global.json = global.json
	EndProjectSection
EndProject
Project("{8BB2217D-0F2D-49D1-97BC-3654ED321F3B}") = "OfficeAddinCatalog", "src\OfficeAddinCatalog\OfficeAddinCatalog.xproj", "{D9AB3082-BD12-4C4C-A908-605C283AE01B}"
EndProject
Global
	GlobalSection(SolutionConfigurationPlatforms) = preSolution
		Debug|Any CPU = Debug|Any CPU
		Release|Any CPU = Release|Any CPU
	EndGlobalSection
	GlobalSection(ProjectConfigurationPlatforms) = postSolution
		{D9AB3082-BD12-4C4C-A908-605C283AE01B}.Debug|Any CPU.ActiveCfg = Debug|Any CPU
		{D9AB3082-BD12-4C4C-A908-605C283AE01B}.Debug|Any CPU.Build.0 = Debug|Any CPU
		{D9AB3082-BD12-4C4C-A908-605C283AE01B}.Release|Any CPU.ActiveCfg = Release|Any CPU
		{D9AB3082-BD12-4C4C-A908-605C283AE01B}.Release|Any CPU.Build.0 = Release|Any CPU
	EndGlobalSection
	GlobalSection(SolutionProperties) = preSolution
		HideSolutionNode = FALSE
	EndGlobalSection
	GlobalSection(NestedProjects) = preSolution
		{D9AB3082-BD12-4C4C-A908-605C283AE01B} = {23E7E508-9365-4F62-8E0C-CD3B099E096F}
	EndGlobalSection
EndGlobal
